
Microsoft Visual Studio Solution File, Format Version 12.00
# Visual Studio Version 17
VisualStudioVersion = 17.4.33205.214
MinimumVisualStudioVersion = 10.0.40219.1
Project("{FAE04EC0-301F-11D3-BF4B-00C04F79EFBC}") = "ImprovingYourTestAutomationCode", "ImprovingYourTestAutomationCode\ImprovingYourTestAutomationCode.csproj", "{650FC464-60D5-4C83-8BB6-732F3289681A}"
EndProject
Global
	GlobalSection(SolutionConfigurationPlatforms) = preSolution
		Debug|Any CPU = Debug|Any CPU
		Release|Any CPU = Release|Any CPU
	EndGlobalSection
	GlobalSection(ProjectConfigurationPlatforms) = postSolution
		{650FC464-60D5-4C83-8BB6-732F3289681A}.Debug|Any CPU.ActiveCfg = Debug|Any CPU
		{650FC464-60D5-4C83-8BB6-732F3289681A}.Debug|Any CPU.Build.0 = Debug|Any CPU
		{650FC464-60D5-4C83-8BB6-732F3289681A}.Release|Any CPU.ActiveCfg = Release|Any CPU
		{650FC464-60D5-4C83-8BB6-732F3289681A}.Release|Any CPU.Build.0 = Release|Any CPU
	EndGlobalSection
	GlobalSection(SolutionProperties) = preSolution
		HideSolutionNode = FALSE
	EndGlobalSection
	GlobalSection(ExtensibilityGlobals) = postSolution
		SolutionGuid = {1B5F29CD-188D-47DB-9737-35F3E554F332}
	EndGlobalSection
EndGlobal
